
Microsoft Visual Studio Solution File, Format Version 12.00
# Visual Studio Version 17
VisualStudioVersion = 17.10.35122.118
MinimumVisualStudioVersion = 10.0.40219.1
Project("{8BC9CEB8-8B4A-11D0-8D11-00A0C91BC942}") = "Project2", "Project2\Project2.vcxproj", "{EBB59634-08C7-4AAB-A6E8-F26BA1FC300D}"
EndProject
Global
	GlobalSection(SolutionConfigurationPlatforms) = preSolution
		Debug|x64 = Debug|x64
		Debug|x86 = Debug|x86
		Release|x64 = Release|x64
		Release|x86 = Release|x86
	EndGlobalSection
	GlobalSection(ProjectConfigurationPlatforms) = postSolution
		{EBB59634-08C7-4AAB-A6E8-F26BA1FC300D}.Debug|x64.ActiveCfg = Debug|x64
		{EBB59634-08C7-4AAB-A6E8-F26BA1FC300D}.Debug|x64.Build.0 = Debug|x64
		{EBB59634-08C7-4AAB-A6E8-F26BA1FC300D}.Debug|x86.ActiveCfg = Debug|Win32
		{EBB59634-08C7-4AAB-A6E8-F26BA1FC300D}.Debug|x86.Build.0 = Debug|Win32
		{EBB59634-08C7-4AAB-A6E8-F26BA1FC300D}.Release|x64.ActiveCfg = Release|x64
		{EBB59634-08C7-4AAB-A6E8-F26BA1FC300D}.Release|x64.Build.0 = Release|x64
		{EBB59634-08C7-4AAB-A6E8-F26BA1FC300D}.Release|x86.ActiveCfg = Release|Win32
		{EBB59634-08C7-4AAB-A6E8-F26BA1FC300D}.Release|x86.Build.0 = Release|Win32
	EndGlobalSection
	GlobalSection(SolutionProperties) = preSolution
		HideSolutionNode = FALSE
	EndGlobalSection
	GlobalSection(ExtensibilityGlobals) = postSolution
		SolutionGuid = {9E369D46-6806-421D-9DC3-6D0AFD0693E7}
	EndGlobalSection
EndGlobal
